{
  "name": "ll",
  "version": "1.0.0",
  "lockfileVersion": 1,
  "requires": true,
  "dependencies": {
    "base64url": {
      "version": "3.0.1",
      "resolved": "https://registry.npmjs.org/base64url/-/base64url-3.0.1.tgz",
      "integrity": "sha512-ir1UPr3dkwexU7FdV8qBBbNDRUhMmIekYMFZfi+C/sLNnRESKPl23nB9b2pltqfOQNnGzsDdId90AEtG5tCx4A=="
    },
    "bcryptjs": {
      "version": "2.4.3",
      "resolved": "https://registry.npmjs.org/bcryptjs/-/bcryptjs-2.4.3.tgz",
      "integrity": "sha1-mrVie5PmBiH/fNrF2pczAn3x0Ms="
    },
    "bignumber.js": {
      "version": "9.0.1",
      "resolved": "https://registry.npmjs.org/bignumber.js/-/bignumber.js-9.0.1.tgz",
      "integrity": "sha512-IdZR9mh6ahOBv/hYGiXyVuyCetmGJhtYkqLBpTStdhEGjegpPlUawydyaF3pbIOFynJTpllEs+NP+CS9jKFLjA=="
    },
    "cbor": {
      "version": "5.1.0",
      "resolved": "https://registry.npmjs.org/cbor/-/cbor-5.1.0.tgz",
      "integrity": "sha512-qzEc7kUShdMbWTaUH7X+aHW8owvBU3FS0dfYR1lGYpoZr0mGJhhojLlZJH653x/DfeMZ56h315FRNBUIG1R7qg==",
      "requires": {
        "bignumber.js": "^9.0.0",
        "nofilter": "^1.0.4"
      }
    },
    "crypto": {
      "version": "1.0.1",
      "resolved": "https://registry.npmjs.org/crypto/-/crypto-1.0.1.tgz",
      "integrity": "sha512-VxBKmeNcqQdiUQUW2Tzq0t377b54N2bMtXO/qiLa+6eRRmmC4qT3D4OnTGoT/U6O9aklQ/jTwbOtRMTTY8G0Ig=="
    },
    "data-api-client": {
      "version": "1.1.0",
      "resolved": "https://registry.npmjs.org/data-api-client/-/data-api-client-1.1.0.tgz",
      "integrity": "sha512-ZO6i4g55afRYbDwpVuF3pa6KI0pNee5VcAGAIQRHhCFAJytFCwazzSQ3iwZU8ONcRumXoHDKTp/dyIQOub1ysg==",
      "requires": {
        "sqlstring": "^2.3.1"
      }
    },
    "nofilter": {
      "version": "1.0.4",
      "resolved": "https://registry.npmjs.org/nofilter/-/nofilter-1.0.4.tgz",
      "integrity": "sha512-N8lidFp+fCz+TD51+haYdbDGrcBWwuHX40F5+z0qkUjMJ5Tp+rdSuAkMJ9N9eoolDlEVTf6u5icM+cNKkKW2mA=="
    },
    "sqlstring": {
      "version": "2.3.2",
      "resolved": "https://registry.npmjs.org/sqlstring/-/sqlstring-2.3.2.tgz",
      "integrity": "sha512-vF4ZbYdKS8OnoJAWBmMxCQDkiEBkGQYU7UZPtL8flbDRSNkhaXvRJ279ZtI6M+zDaQovVU4tuRgzK5fVhvFAhg=="
    },
    "validate.js": {
      "version": "0.13.1",
      "resolved": "https://registry.npmjs.org/validate.js/-/validate.js-0.13.1.tgz",
      "integrity": "sha512-PnFM3xiZ+kYmLyTiMgTYmU7ZHkjBZz2/+F0DaALc/uUtVzdCt1wAosvYJ5hFQi/hz8O4zb52FQhHZRC+uVkJ+g=="
    }
  }
}
